
Microsoft Visual Studio Solution File, Format Version 12.00
# Visual Studio Version 16
VisualStudioVersion = 16.0.30611.23
MinimumVisualStudioVersion = 10.0.40219.1
Project("{8BC9CEB8-8B4A-11D0-8D11-00A0C91BC942}") = "Project2", "Project2\Project2.vcxproj", "{E29F423B-169F-42DF-B93E-6A03D8FF9169}"
EndProject
Project("{8BC9CEB8-8B4A-11D0-8D11-00A0C91BC942}") = "Unit 03", "Unit 03\Unit 03.vcxproj", "{EC75858A-0AA5-49A6-A94B-864949AAF157}"
EndProject
Project("{8BC9CEB8-8B4A-11D0-8D11-00A0C91BC942}") = "Unit 05", "Unit 04\Unit 04.vcxproj", "{E12CB300-0201-4375-B8B1-6806BC1305C7}"
EndProject
Project("{8BC9CEB8-8B4A-11D0-8D11-00A0C91BC942}") = "Unit 06", "Unit 06\Unit 06.vcxproj", "{34EB3350-C8B8-42F9-AC5A-814D8B1EB879}"
EndProject
Project("{8BC9CEB8-8B4A-11D0-8D11-00A0C91BC942}") = "Unit 07", "Unit 07\Unit 07.vcxproj", "{FB139EFB-E8A1-44D1-BF26-4F538AF4B395}"
EndProject
Project("{8BC9CEB8-8B4A-11D0-8D11-00A0C91BC942}") = "Unit 08", "Unit 08\Unit 08.vcxproj", "{5F2BAE42-39E2-41BA-8BD9-5BA4844CBD42}"
EndProject
Project("{8BC9CEB8-8B4A-11D0-8D11-00A0C91BC942}") = "Unit 09", "Unit 09\Unit 09.vcxproj", "{3D451F70-A34E-4F81-91EE-3FAA9E40BCEE}"
EndProject
Project("{8BC9CEB8-8B4A-11D0-8D11-00A0C91BC942}") = "Unit 10", "Unit 10\Unit 10.vcxproj", "{5280608A-B1BB-4C71-B1A2-A729080F68DB}"
EndProject
Project("{8BC9CEB8-8B4A-11D0-8D11-00A0C91BC942}") = "Unit 11", "Unit 11\Unit 11.vcxproj", "{8F0526F8-FA04-4FA7-A54D-F2E9977B80C4}"
EndProject
Project("{8BC9CEB8-8B4A-11D0-8D11-00A0C91BC942}") = "Unit 12", "Unit 12\Unit 12.vcxproj", "{E65A4ED3-0013-45A4-8793-D3CAB02AA70E}"
EndProject
Project("{8BC9CEB8-8B4A-11D0-8D11-00A0C91BC942}") = "Unit 13", "Unit 13\Unit 13.vcxproj", "{CCC38CA3-2177-433F-B7CA-741B07BBBA3A}"
EndProject
Project("{8BC9CEB8-8B4A-11D0-8D11-00A0C91BC942}") = "Unit 14", "Unit 14\Unit 14.vcxproj", "{449952E7-9FEF-4A8B-A86C-44D2343621FE}"
EndProject
Project("{8BC9CEB8-8B4A-11D0-8D11-00A0C91BC942}") = "Unit 15", "Unit 15\Unit 15.vcxproj", "{B75AF587-858E-420D-B3B6-D8898FDFADCE}"
EndProject
Project("{8BC9CEB8-8B4A-11D0-8D11-00A0C91BC942}") = "Unit 16", "Unit 16\Unit 16.vcxproj", "{8861E854-2E06-4159-9249-83F3959D7322}"
EndProject
Project("{8BC9CEB8-8B4A-11D0-8D11-00A0C91BC942}") = "Unit 17", "Unit 17\Unit 17.vcxproj", "{458FB3D4-D44C-447B-8148-F504E2D42777}"
EndProject
Project("{8BC9CEB8-8B4A-11D0-8D11-00A0C91BC942}") = "Unit 18", "Unit 18\Unit 18.vcxproj", "{28B42AAA-F771-43D2-9736-9FD58393A6A8}"
EndProject
Project("{8BC9CEB8-8B4A-11D0-8D11-00A0C91BC942}") = "Unit 19", "Unit 19\Unit 19.vcxproj", "{E68959C4-BBCA-4AFC-B865-F2783BA5CEC4}"
EndProject
Project("{8BC9CEB8-8B4A-11D0-8D11-00A0C91BC942}") = "Unit 20", "Unit 20\Unit 20.vcxproj", "{FC484484-559D-47E3-8517-B3ABD11CD08E}"
EndProject
Project("{8BC9CEB8-8B4A-11D0-8D11-00A0C91BC942}") = "Unit 21", "Unit 21\Unit 21.vcxproj", "{1D6EA3C7-B804-4E8E-8A4C-0E2E93A2FAD7}"
EndProject
Project("{8BC9CEB8-8B4A-11D0-8D11-00A0C91BC942}") = "Unit 22", "Unit 22\Unit 22.vcxproj", "{AF3BB8B3-CA21-489D-9B8C-DCDC6EDCB72A}"
EndProject
Project("{8BC9CEB8-8B4A-11D0-8D11-00A0C91BC942}") = "Unit 23", "Unit 23\Unit 23.vcxproj", "{45614D67-8095-4826-BF99-12B694DED7D9}"
EndProject
Project("{8BC9CEB8-8B4A-11D0-8D11-00A0C91BC942}") = "Unit 24", "Unit 24\Unit 24.vcxproj", "{4B2828AC-A506-444C-ADAB-610D29AE6277}"
EndProject
Project("{8BC9CEB8-8B4A-11D0-8D11-00A0C91BC942}") = "Unit 25", "Unit 25\Unit 25.vcxproj", "{B1F005AA-B2B0-443B-9BF9-56470FBCC4D7}"
EndProject
Project("{8BC9CEB8-8B4A-11D0-8D11-00A0C91BC942}") = "Unit 26", "Unit 26\Unit 26.vcxproj", "{3FDC5B67-9516-4C2F-BA44-89BC3D329B23}"
EndProject
Project("{8BC9CEB8-8B4A-11D0-8D11-00A0C91BC942}") = "Unit 27", "Unit 27\Unit 27.vcxproj", "{E57911F1-9478-4A2D-B525-2AC1420D701C}"
EndProject
Project("{8BC9CEB8-8B4A-11D0-8D11-00A0C91BC942}") = "Unit 28", "Unit 28\Unit 28.vcxproj", "{CB8015FD-08CB-48CF-B10A-071D3F894FC5}"
EndProject
Project("{8BC9CEB8-8B4A-11D0-8D11-00A0C91BC942}") = "Unit 29", "Unit 29\Unit 29.vcxproj", "{8E0C8970-EEE8-4DDA-8E11-C8FB5ACEC0C9}"
EndProject
Project("{8BC9CEB8-8B4A-11D0-8D11-00A0C91BC942}") = "Unit 30", "Project1\Project1.vcxproj", "{65B6AA5A-0C94-4DFA-B4CB-F183D81BB8DA}"
EndProject
Project("{8BC9CEB8-8B4A-11D0-8D11-00A0C91BC942}") = "Unit 31", "Unit 31\Unit 31.vcxproj", "{EEABB83B-0EAB-491A-B3C6-18A3A4B6A6FD}"
EndProject
Global
	GlobalSection(SolutionConfigurationPlatforms) = preSolution
		Debug|x64 = Debug|x64
		Debug|x86 = Debug|x86
		Release|x64 = Release|x64
		Release|x86 = Release|x86
	EndGlobalSection
	GlobalSection(ProjectConfigurationPlatforms) = postSolution
		{E29F423B-169F-42DF-B93E-6A03D8FF9169}.Debug|x64.ActiveCfg = Debug|x64
		{E29F423B-169F-42DF-B93E-6A03D8FF9169}.Debug|x64.Build.0 = Debug|x64
		{E29F423B-169F-42DF-B93E-6A03D8FF9169}.Debug|x86.ActiveCfg = Debug|Win32
		{E29F423B-169F-42DF-B93E-6A03D8FF9169}.Debug|x86.Build.0 = Debug|Win32
		{E29F423B-169F-42DF-B93E-6A03D8FF9169}.Release|x64.ActiveCfg = Release|x64
		{E29F423B-169F-42DF-B93E-6A03D8FF9169}.Release|x64.Build.0 = Release|x64
		{E29F423B-169F-42DF-B93E-6A03D8FF9169}.Release|x86.ActiveCfg = Release|Win32
		{E29F423B-169F-42DF-B93E-6A03D8FF9169}.Release|x86.Build.0 = Release|Win32
		{EC75858A-0AA5-49A6-A94B-864949AAF157}.Debug|x64.ActiveCfg = Debug|x64
		{EC75858A-0AA5-49A6-A94B-864949AAF157}.Debug|x64.Build.0 = Debug|x64
		{EC75858A-0AA5-49A6-A94B-864949AAF157}.Debug|x86.ActiveCfg = Debug|Win32
		{EC75858A-0AA5-49A6-A94B-864949AAF157}.Debug|x86.Build.0 = Debug|Win32
		{EC75858A-0AA5-49A6-A94B-864949AAF157}.Release|x64.ActiveCfg = Release|x64
		{EC75858A-0AA5-49A6-A94B-864949AAF157}.Release|x64.Build.0 = Release|x64
		{EC75858A-0AA5-49A6-A94B-864949AAF157}.Release|x86.ActiveCfg = Release|Win32
		{EC75858A-0AA5-49A6-A94B-864949AAF157}.Release|x86.Build.0 = Release|Win32
		{E12CB300-0201-4375-B8B1-6806BC1305C7}.Debug|x64.ActiveCfg = Debug|x64
		{E12CB300-0201-4375-B8B1-6806BC1305C7}.Debug|x64.Build.0 = Debug|x64
		{E12CB300-0201-4375-B8B1-6806BC1305C7}.Debug|x86.ActiveCfg = Debug|Win32
		{E12CB300-0201-4375-B8B1-6806BC1305C7}.Debug|x86.Build.0 = Debug|Win32
		{E12CB300-0201-4375-B8B1-6806BC1305C7}.Release|x64.ActiveCfg = Release|x64
		{E12CB300-0201-4375-B8B1-6806BC1305C7}.Release|x64.Build.0 = Release|x64
		{E12CB300-0201-4375-B8B1-6806BC1305C7}.Release|x86.ActiveCfg = Release|Win32
		{E12CB300-0201-4375-B8B1-6806BC1305C7}.Release|x86.Build.0 = Release|Win32
		{34EB3350-C8B8-42F9-AC5A-814D8B1EB879}.Debug|x64.ActiveCfg = Debug|x64
		{34EB3350-C8B8-42F9-AC5A-814D8B1EB879}.Debug|x64.Build.0 = Debug|x64
		{34EB3350-C8B8-42F9-AC5A-814D8B1EB879}.Debug|x86.ActiveCfg = Debug|Win32
		{34EB3350-C8B8-42F9-AC5A-814D8B1EB879}.Debug|x86.Build.0 = Debug|Win32
		{34EB3350-C8B8-42F9-AC5A-814D8B1EB879}.Release|x64.ActiveCfg = Release|x64
		{34EB3350-C8B8-42F9-AC5A-814D8B1EB879}.Release|x64.Build.0 = Release|x64
		{34EB3350-C8B8-42F9-AC5A-814D8B1EB879}.Release|x86.ActiveCfg = Release|Win32
		{34EB3350-C8B8-42F9-AC5A-814D8B1EB879}.Release|x86.Build.0 = Release|Win32
		{FB139EFB-E8A1-44D1-BF26-4F538AF4B395}.Debug|x64.ActiveCfg = Debug|x64
		{FB139EFB-E8A1-44D1-BF26-4F538AF4B395}.Debug|x64.Build.0 = Debug|x64
		{FB139EFB-E8A1-44D1-BF26-4F538AF4B395}.Debug|x86.ActiveCfg = Debug|Win32
		{FB139EFB-E8A1-44D1-BF26-4F538AF4B395}.Debug|x86.Build.0 = Debug|Win32
		{FB139EFB-E8A1-44D1-BF26-4F538AF4B395}.Release|x64.ActiveCfg = Release|x64
		{FB139EFB-E8A1-44D1-BF26-4F538AF4B395}.Release|x64.Build.0 = Release|x64
		{FB139EFB-E8A1-44D1-BF26-4F538AF4B395}.Release|x86.ActiveCfg = Release|Win32
		{FB139EFB-E8A1-44D1-BF26-4F538AF4B395}.Release|x86.Build.0 = Release|Win32
		{5F2BAE42-39E2-41BA-8BD9-5BA4844CBD42}.Debug|x64.ActiveCfg = Debug|x64
		{5F2BAE42-39E2-41BA-8BD9-5BA4844CBD42}.Debug|x64.Build.0 = Debug|x64
		{5F2BAE42-39E2-41BA-8BD9-5BA4844CBD42}.Debug|x86.ActiveCfg = Debug|Win32
		{5F2BAE42-39E2-41BA-8BD9-5BA4844CBD42}.Debug|x86.Build.0 = Debug|Win32
		{5F2BAE42-39E2-41BA-8BD9-5BA4844CBD42}.Release|x64.ActiveCfg = Release|x64
		{5F2BAE42-39E2-41BA-8BD9-5BA4844CBD42}.Release|x64.Build.0 = Release|x64
		{5F2BAE42-39E2-41BA-8BD9-5BA4844CBD42}.Release|x86.ActiveCfg = Release|Win32
		{5F2BAE42-39E2-41BA-8BD9-5BA4844CBD42}.Release|x86.Build.0 = Release|Win32
		{3D451F70-A34E-4F81-91EE-3FAA9E40BCEE}.Debug|x64.ActiveCfg = Debug|x64
		{3D451F70-A34E-4F81-91EE-3FAA9E40BCEE}.Debug|x64.Build.0 = Debug|x64
		{3D451F70-A34E-4F81-91EE-3FAA9E40BCEE}.Debug|x86.ActiveCfg = Debug|Win32
		{3D451F70-A34E-4F81-91EE-3FAA9E40BCEE}.Debug|x86.Build.0 = Debug|Win32
		{3D451F70-A34E-4F81-91EE-3FAA9E40BCEE}.Release|x64.ActiveCfg = Release|x64
		{3D451F70-A34E-4F81-91EE-3FAA9E40BCEE}.Release|x64.Build.0 = Release|x64
		{3D451F70-A34E-4F81-91EE-3FAA9E40BCEE}.Release|x86.ActiveCfg = Release|Win32
		{3D451F70-A34E-4F81-91EE-3FAA9E40BCEE}.Release|x86.Build.0 = Release|Win32
		{5280608A-B1BB-4C71-B1A2-A729080F68DB}.Debug|x64.ActiveCfg = Debug|x64
		{5280608A-B1BB-4C71-B1A2-A729080F68DB}.Debug|x64.Build.0 = Debug|x64
		{5280608A-B1BB-4C71-B1A2-A729080F68DB}.Debug|x86.ActiveCfg = Debug|Win32
		{5280608A-B1BB-4C71-B1A2-A729080F68DB}.Debug|x86.Build.0 = Debug|Win32
		{5280608A-B1BB-4C71-B1A2-A729080F68DB}.Release|x64.ActiveCfg = Release|x64
		{5280608A-B1BB-4C71-B1A2-A729080F68DB}.Release|x64.Build.0 = Release|x64
		{5280608A-B1BB-4C71-B1A2-A729080F68DB}.Release|x86.ActiveCfg = Release|Win32
		{5280608A-B1BB-4C71-B1A2-A729080F68DB}.Release|x86.Build.0 = Release|Win32
		{8F0526F8-FA04-4FA7-A54D-F2E9977B80C4}.Debug|x64.ActiveCfg = Debug|x64
		{8F0526F8-FA04-4FA7-A54D-F2E9977B80C4}.Debug|x64.Build.0 = Debug|x64
		{8F0526F8-FA04-4FA7-A54D-F2E9977B80C4}.Debug|x86.ActiveCfg = Debug|Win32
		{8F0526F8-FA04-4FA7-A54D-F2E9977B80C4}.Debug|x86.Build.0 = Debug|Win32
		{8F0526F8-FA04-4FA7-A54D-F2E9977B80C4}.Release|x64.ActiveCfg = Release|x64
		{8F0526F8-FA04-4FA7-A54D-F2E9977B80C4}.Release|x64.Build.0 = Release|x64
		{8F0526F8-FA04-4FA7-A54D-F2E9977B80C4}.Release|x86.ActiveCfg = Release|Win32
		{8F0526F8-FA04-4FA7-A54D-F2E9977B80C4}.Release|x86.Build.0 = Release|Win32
		{E65A4ED3-0013-45A4-8793-D3CAB02AA70E}.Debug|x64.ActiveCfg = Debug|x64
		{E65A4ED3-0013-45A4-8793-D3CAB02AA70E}.Debug|x64.Build.0 = Debug|x64
		{E65A4ED3-0013-45A4-8793-D3CAB02AA70E}.Debug|x86.ActiveCfg = Debug|Win32
		{E65A4ED3-0013-45A4-8793-D3CAB02AA70E}.Debug|x86.Build.0 = Debug|Win32
		{E65A4ED3-0013-45A4-8793-D3CAB02AA70E}.Release|x64.ActiveCfg = Release|x64
		{E65A4ED3-0013-45A4-8793-D3CAB02AA70E}.Release|x64.Build.0 = Release|x64
		{E65A4ED3-0013-45A4-8793-D3CAB02AA70E}.Release|x86.ActiveCfg = Release|Win32
		{E65A4ED3-0013-45A4-8793-D3CAB02AA70E}.Release|x86.Build.0 = Release|Win32
		{CCC38CA3-2177-433F-B7CA-741B07BBBA3A}.Debug|x64.ActiveCfg = Debug|x64
		{CCC38CA3-2177-433F-B7CA-741B07BBBA3A}.Debug|x64.Build.0 = Debug|x64
		{CCC38CA3-2177-433F-B7CA-741B07BBBA3A}.Debug|x86.ActiveCfg = Debug|Win32
		{CCC38CA3-2177-433F-B7CA-741B07BBBA3A}.Debug|x86.Build.0 = Debug|Win32
		{CCC38CA3-2177-433F-B7CA-741B07BBBA3A}.Release|x64.ActiveCfg = Release|x64
		{CCC38CA3-2177-433F-B7CA-741B07BBBA3A}.Release|x64.Build.0 = Release|x64
		{CCC38CA3-2177-433F-B7CA-741B07BBBA3A}.Release|x86.ActiveCfg = Release|Win32
		{CCC38CA3-2177-433F-B7CA-741B07BBBA3A}.Release|x86.Build.0 = Release|Win32
		{449952E7-9FEF-4A8B-A86C-44D2343621FE}.Debug|x64.ActiveCfg = Debug|x64
		{449952E7-9FEF-4A8B-A86C-44D2343621FE}.Debug|x64.Build.0 = Debug|x64
		{449952E7-9FEF-4A8B-A86C-44D2343621FE}.Debug|x86.ActiveCfg = Debug|Win32
		{449952E7-9FEF-4A8B-A86C-44D2343621FE}.Debug|x86.Build.0 = Debug|Win32
		{449952E7-9FEF-4A8B-A86C-44D2343621FE}.Release|x64.ActiveCfg = Release|x64
		{449952E7-9FEF-4A8B-A86C-44D2343621FE}.Release|x64.Build.0 = Release|x64
		{449952E7-9FEF-4A8B-A86C-44D2343621FE}.Release|x86.ActiveCfg = Release|Win32
		{449952E7-9FEF-4A8B-A86C-44D2343621FE}.Release|x86.Build.0 = Release|Win32
		{B75AF587-858E-420D-B3B6-D8898FDFADCE}.Debug|x64.ActiveCfg = Debug|x64
		{B75AF587-858E-420D-B3B6-D8898FDFADCE}.Debug|x64.Build.0 = Debug|x64
		{B75AF587-858E-420D-B3B6-D8898FDFADCE}.Debug|x86.ActiveCfg = Debug|Win32
		{B75AF587-858E-420D-B3B6-D8898FDFADCE}.Debug|x86.Build.0 = Debug|Win32
		{B75AF587-858E-420D-B3B6-D8898FDFADCE}.Release|x64.ActiveCfg = Release|x64
		{B75AF587-858E-420D-B3B6-D8898FDFADCE}.Release|x64.Build.0 = Release|x64
		{B75AF587-858E-420D-B3B6-D8898FDFADCE}.Release|x86.ActiveCfg = Release|Win32
		{B75AF587-858E-420D-B3B6-D8898FDFADCE}.Release|x86.Build.0 = Release|Win32
		{8861E854-2E06-4159-9249-83F3959D7322}.Debug|x64.ActiveCfg = Debug|x64
		{8861E854-2E06-4159-9249-83F3959D7322}.Debug|x64.Build.0 = Debug|x64
		{8861E854-2E06-4159-9249-83F3959D7322}.Debug|x86.ActiveCfg = Debug|Win32
		{8861E854-2E06-4159-9249-83F3959D7322}.Debug|x86.Build.0 = Debug|Win32
		{8861E854-2E06-4159-9249-83F3959D7322}.Release|x64.ActiveCfg = Release|x64
		{8861E854-2E06-4159-9249-83F3959D7322}.Release|x64.Build.0 = Release|x64
		{8861E854-2E06-4159-9249-83F3959D7322}.Release|x86.ActiveCfg = Release|Win32
		{8861E854-2E06-4159-9249-83F3959D7322}.Release|x86.Build.0 = Release|Win32
		{458FB3D4-D44C-447B-8148-F504E2D42777}.Debug|x64.ActiveCfg = Debug|x64
		{458FB3D4-D44C-447B-8148-F504E2D42777}.Debug|x64.Build.0 = Debug|x64
		{458FB3D4-D44C-447B-8148-F504E2D42777}.Debug|x86.ActiveCfg = Debug|Win32
		{458FB3D4-D44C-447B-8148-F504E2D42777}.Debug|x86.Build.0 = Debug|Win32
		{458FB3D4-D44C-447B-8148-F504E2D42777}.Release|x64.ActiveCfg = Release|x64
		{458FB3D4-D44C-447B-8148-F504E2D42777}.Release|x64.Build.0 = Release|x64
		{458FB3D4-D44C-447B-8148-F504E2D42777}.Release|x86.ActiveCfg = Release|Win32
		{458FB3D4-D44C-447B-8148-F504E2D42777}.Release|x86.Build.0 = Release|Win32
		{28B42AAA-F771-43D2-9736-9FD58393A6A8}.Debug|x64.ActiveCfg = Debug|x64
		{28B42AAA-F771-43D2-9736-9FD58393A6A8}.Debug|x64.Build.0 = Debug|x64
		{28B42AAA-F771-43D2-9736-9FD58393A6A8}.Debug|x86.ActiveCfg = Debug|Win32
		{28B42AAA-F771-43D2-9736-9FD58393A6A8}.Debug|x86.Build.0 = Debug|Win32
		{28B42AAA-F771-43D2-9736-9FD58393A6A8}.Release|x64.ActiveCfg = Release|x64
		{28B42AAA-F771-43D2-9736-9FD58393A6A8}.Release|x64.Build.0 = Release|x64
		{28B42AAA-F771-43D2-9736-9FD58393A6A8}.Release|x86.ActiveCfg = Release|Win32
		{28B42AAA-F771-43D2-9736-9FD58393A6A8}.Release|x86.Build.0 = Release|Win32
		{E68959C4-BBCA-4AFC-B865-F2783BA5CEC4}.Debug|x64.ActiveCfg = Debug|x64
		{E68959C4-BBCA-4AFC-B865-F2783BA5CEC4}.Debug|x64.Build.0 = Debug|x64
		{E68959C4-BBCA-4AFC-B865-F2783BA5CEC4}.Debug|x86.ActiveCfg = Debug|Win32
		{E68959C4-BBCA-4AFC-B865-F2783BA5CEC4}.Debug|x86.Build.0 = Debug|Win32
		{E68959C4-BBCA-4AFC-B865-F2783BA5CEC4}.Release|x64.ActiveCfg = Release|x64
		{E68959C4-BBCA-4AFC-B865-F2783BA5CEC4}.Release|x64.Build.0 = Release|x64
		{E68959C4-BBCA-4AFC-B865-F2783BA5CEC4}.Release|x86.ActiveCfg = Release|Win32
		{E68959C4-BBCA-4AFC-B865-F2783BA5CEC4}.Release|x86.Build.0 = Release|Win32
		{FC484484-559D-47E3-8517-B3ABD11CD08E}.Debug|x64.ActiveCfg = Debug|x64
		{FC484484-559D-47E3-8517-B3ABD11CD08E}.Debug|x64.Build.0 = Debug|x64
		{FC484484-559D-47E3-8517-B3ABD11CD08E}.Debug|x86.ActiveCfg = Debug|Win32
		{FC484484-559D-47E3-8517-B3ABD11CD08E}.Debug|x86.Build.0 = Debug|Win32
		{FC484484-559D-47E3-8517-B3ABD11CD08E}.Release|x64.ActiveCfg = Release|x64
		{FC484484-559D-47E3-8517-B3ABD11CD08E}.Release|x64.Build.0 = Release|x64
		{FC484484-559D-47E3-8517-B3ABD11CD08E}.Release|x86.ActiveCfg = Release|Win32
		{FC484484-559D-47E3-8517-B3ABD11CD08E}.Release|x86.Build.0 = Release|Win32
		{1D6EA3C7-B804-4E8E-8A4C-0E2E93A2FAD7}.Debug|x64.ActiveCfg = Debug|x64
		{1D6EA3C7-B804-4E8E-8A4C-0E2E93A2FAD7}.Debug|x64.Build.0 = Debug|x64
		{1D6EA3C7-B804-4E8E-8A4C-0E2E93A2FAD7}.Debug|x86.ActiveCfg = Debug|Win32
		{1D6EA3C7-B804-4E8E-8A4C-0E2E93A2FAD7}.Debug|x86.Build.0 = Debug|Win32
		{1D6EA3C7-B804-4E8E-8A4C-0E2E93A2FAD7}.Release|x64.ActiveCfg = Release|x64
		{1D6EA3C7-B804-4E8E-8A4C-0E2E93A2FAD7}.Release|x64.Build.0 = Release|x64
		{1D6EA3C7-B804-4E8E-8A4C-0E2E93A2FAD7}.Release|x86.ActiveCfg = Release|Win32
		{1D6EA3C7-B804-4E8E-8A4C-0E2E93A2FAD7}.Release|x86.Build.0 = Release|Win32
		{AF3BB8B3-CA21-489D-9B8C-DCDC6EDCB72A}.Debug|x64.ActiveCfg = Debug|x64
		{AF3BB8B3-CA21-489D-9B8C-DCDC6EDCB72A}.Debug|x64.Build.0 = Debug|x64
		{AF3BB8B3-CA21-489D-9B8C-DCDC6EDCB72A}.Debug|x86.ActiveCfg = Debug|Win32
		{AF3BB8B3-CA21-489D-9B8C-DCDC6EDCB72A}.Debug|x86.Build.0 = Debug|Win32
		{AF3BB8B3-CA21-489D-9B8C-DCDC6EDCB72A}.Release|x64.ActiveCfg = Release|x64
		{AF3BB8B3-CA21-489D-9B8C-DCDC6EDCB72A}.Release|x64.Build.0 = Release|x64
		{AF3BB8B3-CA21-489D-9B8C-DCDC6EDCB72A}.Release|x86.ActiveCfg = Release|Win32
		{AF3BB8B3-CA21-489D-9B8C-DCDC6EDCB72A}.Release|x86.Build.0 = Release|Win32
		{45614D67-8095-4826-BF99-12B694DED7D9}.Debug|x64.ActiveCfg = Debug|x64
		{45614D67-8095-4826-BF99-12B694DED7D9}.Debug|x64.Build.0 = Debug|x64
		{45614D67-8095-4826-BF99-12B694DED7D9}.Debug|x86.ActiveCfg = Debug|Win32
		{45614D67-8095-4826-BF99-12B694DED7D9}.Debug|x86.Build.0 = Debug|Win32
		{45614D67-8095-4826-BF99-12B694DED7D9}.Release|x64.ActiveCfg = Release|x64
		{45614D67-8095-4826-BF99-12B694DED7D9}.Release|x64.Build.0 = Release|x64
		{45614D67-8095-4826-BF99-12B694DED7D9}.Release|x86.ActiveCfg = Release|Win32
		{45614D67-8095-4826-BF99-12B694DED7D9}.Release|x86.Build.0 = Release|Win32
		{4B2828AC-A506-444C-ADAB-610D29AE6277}.Debug|x64.ActiveCfg = Debug|x64
		{4B2828AC-A506-444C-ADAB-610D29AE6277}.Debug|x64.Build.0 = Debug|x64
		{4B2828AC-A506-444C-ADAB-610D29AE6277}.Debug|x86.ActiveCfg = Debug|Win32
		{4B2828AC-A506-444C-ADAB-610D29AE6277}.Debug|x86.Build.0 = Debug|Win32
		{4B2828AC-A506-444C-ADAB-610D29AE6277}.Release|x64.ActiveCfg = Release|x64
		{4B2828AC-A506-444C-ADAB-610D29AE6277}.Release|x64.Build.0 = Release|x64
		{4B2828AC-A506-444C-ADAB-610D29AE6277}.Release|x86.ActiveCfg = Release|Win32
		{4B2828AC-A506-444C-ADAB-610D29AE6277}.Release|x86.Build.0 = Release|Win32
		{B1F005AA-B2B0-443B-9BF9-56470FBCC4D7}.Debug|x64.ActiveCfg = Debug|x64
		{B1F005AA-B2B0-443B-9BF9-56470FBCC4D7}.Debug|x64.Build.0 = Debug|x64
		{B1F005AA-B2B0-443B-9BF9-56470FBCC4D7}.Debug|x86.ActiveCfg = Debug|Win32
		{B1F005AA-B2B0-443B-9BF9-56470FBCC4D7}.Debug|x86.Build.0 = Debug|Win32
		{B1F005AA-B2B0-443B-9BF9-56470FBCC4D7}.Release|x64.ActiveCfg = Release|x64
		{B1F005AA-B2B0-443B-9BF9-56470FBCC4D7}.Release|x64.Build.0 = Release|x64
		{B1F005AA-B2B0-443B-9BF9-56470FBCC4D7}.Release|x86.ActiveCfg = Release|Win32
		{B1F005AA-B2B0-443B-9BF9-56470FBCC4D7}.Release|x86.Build.0 = Release|Win32
		{3FDC5B67-9516-4C2F-BA44-89BC3D329B23}.Debug|x64.ActiveCfg = Debug|x64
		{3FDC5B67-9516-4C2F-BA44-89BC3D329B23}.Debug|x64.Build.0 = Debug|x64
		{3FDC5B67-9516-4C2F-BA44-89BC3D329B23}.Debug|x86.ActiveCfg = Debug|Win32
		{3FDC5B67-9516-4C2F-BA44-89BC3D329B23}.Debug|x86.Build.0 = Debug|Win32
		{3FDC5B67-9516-4C2F-BA44-89BC3D329B23}.Release|x64.ActiveCfg = Release|x64
		{3FDC5B67-9516-4C2F-BA44-89BC3D329B23}.Release|x64.Build.0 = Release|x64
		{3FDC5B67-9516-4C2F-BA44-89BC3D329B23}.Release|x86.ActiveCfg = Release|Win32
		{3FDC5B67-9516-4C2F-BA44-89BC3D329B23}.Release|x86.Build.0 = Release|Win32
		{E57911F1-9478-4A2D-B525-2AC1420D701C}.Debug|x64.ActiveCfg = Debug|x64
		{E57911F1-9478-4A2D-B525-2AC1420D701C}.Debug|x64.Build.0 = Debug|x64
		{E57911F1-9478-4A2D-B525-2AC1420D701C}.Debug|x86.ActiveCfg = Debug|Win32
		{E57911F1-9478-4A2D-B525-2AC1420D701C}.Debug|x86.Build.0 = Debug|Win32
		{E57911F1-9478-4A2D-B525-2AC1420D701C}.Release|x64.ActiveCfg = Release|x64
		{E57911F1-9478-4A2D-B525-2AC1420D701C}.Release|x64.Build.0 = Release|x64
		{E57911F1-9478-4A2D-B525-2AC1420D701C}.Release|x86.ActiveCfg = Release|Win32
		{E57911F1-9478-4A2D-B525-2AC1420D701C}.Release|x86.Build.0 = Release|Win32
		{CB8015FD-08CB-48CF-B10A-071D3F894FC5}.Debug|x64.ActiveCfg = Debug|x64
		{CB8015FD-08CB-48CF-B10A-071D3F894FC5}.Debug|x64.Build.0 = Debug|x64
		{CB8015FD-08CB-48CF-B10A-071D3F894FC5}.Debug|x86.ActiveCfg = Debug|Win32
		{CB8015FD-08CB-48CF-B10A-071D3F894FC5}.Debug|x86.Build.0 = Debug|Win32
		{CB8015FD-08CB-48CF-B10A-071D3F894FC5}.Release|x64.ActiveCfg = Release|x64
		{CB8015FD-08CB-48CF-B10A-071D3F894FC5}.Release|x64.Build.0 = Release|x64
		{CB8015FD-08CB-48CF-B10A-071D3F894FC5}.Release|x86.ActiveCfg = Release|Win32
		{CB8015FD-08CB-48CF-B10A-071D3F894FC5}.Release|x86.Build.0 = Release|Win32
		{8E0C8970-EEE8-4DDA-8E11-C8FB5ACEC0C9}.Debug|x64.ActiveCfg = Debug|x64
		{8E0C8970-EEE8-4DDA-8E11-C8FB5ACEC0C9}.Debug|x64.Build.0 = Debug|x64
		{8E0C8970-EEE8-4DDA-8E11-C8FB5ACEC0C9}.Debug|x86.ActiveCfg = Debug|Win32
		{8E0C8970-EEE8-4DDA-8E11-C8FB5ACEC0C9}.Debug|x86.Build.0 = Debug|Win32
		{8E0C8970-EEE8-4DDA-8E11-C8FB5ACEC0C9}.Release|x64.ActiveCfg = Release|x64
		{8E0C8970-EEE8-4DDA-8E11-C8FB5ACEC0C9}.Release|x64.Build.0 = Release|x64
		{8E0C8970-EEE8-4DDA-8E11-C8FB5ACEC0C9}.Release|x86.ActiveCfg = Release|Win32
		{8E0C8970-EEE8-4DDA-8E11-C8FB5ACEC0C9}.Release|x86.Build.0 = Release|Win32
		{65B6AA5A-0C94-4DFA-B4CB-F183D81BB8DA}.Debug|x64.ActiveCfg = Debug|x64
		{65B6AA5A-0C94-4DFA-B4CB-F183D81BB8DA}.Debug|x64.Build.0 = Debug|x64
		{65B6AA5A-0C94-4DFA-B4CB-F183D81BB8DA}.Debug|x86.ActiveCfg = Debug|Win32
		{65B6AA5A-0C94-4DFA-B4CB-F183D81BB8DA}.Debug|x86.Build.0 = Debug|Win32
		{65B6AA5A-0C94-4DFA-B4CB-F183D81BB8DA}.Release|x64.ActiveCfg = Release|x64
		{65B6AA5A-0C94-4DFA-B4CB-F183D81BB8DA}.Release|x64.Build.0 = Release|x64
		{65B6AA5A-0C94-4DFA-B4CB-F183D81BB8DA}.Release|x86.ActiveCfg = Release|Win32
		{65B6AA5A-0C94-4DFA-B4CB-F183D81BB8DA}.Release|x86.Build.0 = Release|Win32
		{EEABB83B-0EAB-491A-B3C6-18A3A4B6A6FD}.Debug|x64.ActiveCfg = Debug|x64
		{EEABB83B-0EAB-491A-B3C6-18A3A4B6A6FD}.Debug|x64.Build.0 = Debug|x64
		{EEABB83B-0EAB-491A-B3C6-18A3A4B6A6FD}.Debug|x86.ActiveCfg = Debug|Win32
		{EEABB83B-0EAB-491A-B3C6-18A3A4B6A6FD}.Debug|x86.Build.0 = Debug|Win32
		{EEABB83B-0EAB-491A-B3C6-18A3A4B6A6FD}.Release|x64.ActiveCfg = Release|x64
		{EEABB83B-0EAB-491A-B3C6-18A3A4B6A6FD}.Release|x64.Build.0 = Release|x64
		{EEABB83B-0EAB-491A-B3C6-18A3A4B6A6FD}.Release|x86.ActiveCfg = Release|Win32
		{EEABB83B-0EAB-491A-B3C6-18A3A4B6A6FD}.Release|x86.Build.0 = Release|Win32
	EndGlobalSection
	GlobalSection(SolutionProperties) = preSolution
		HideSolutionNode = FALSE
	EndGlobalSection
	GlobalSection(ExtensibilityGlobals) = postSolution
		SolutionGuid = {AD190D07-F55B-47D5-8175-EC99F18BBF51}
	EndGlobalSection
EndGlobal
